// !$*UTF8*$!
{
	archiveVersion = 1;
	classes = {
	};
	objectVersion = 46;
	objects = {

/* Begin PBXBuildFile section */
		85F4F362523A5310442BE17C /* libPods-DVVCoding.a in Frameworks */ = {isa = PBXBuildFile; fileRef = F5FC46D4CC1FF20D5AE80691 /* libPods-DVVCoding.a */; };
		D95B132E1DE29BB100272710 /* main.m in Sources */ = {isa = PBXBuildFile; fileRef = D95B132D1DE29BB100272710 /* main.m */; };
		D95B13311DE29BB100272710 /* AppDelegate.m in Sources */ = {isa = PBXBuildFile; fileRef = D95B13301DE29BB100272710 /* AppDelegate.m */; };
		D95B13341DE29BB100272710 /* ViewController.m in Sources */ = {isa = PBXBuildFile; fileRef = D95B13331DE29BB100272710 /* ViewController.m */; };
		D95B13371DE29BB100272710 /* Main.storyboard in Resources */ = {isa = PBXBuildFile; fileRef = D95B13351DE29BB100272710 /* Main.storyboard */; };
		D95B13391DE29BB100272710 /* Assets.xcassets in Resources */ = {isa = PBXBuildFile; fileRef = D95B13381DE29BB100272710 /* Assets.xcassets */; };
		D95B133C1DE29BB100272710 /* LaunchScreen.storyboard in Resources */ = {isa = PBXBuildFile; fileRef = D95B133A1DE29BB100272710 /* LaunchScreen.storyboard */; };
		D95B13471DE29BB200272710 /* DVVCodingTests.m in Sources */ = {isa = PBXBuildFile; fileRef = D95B13461DE29BB200272710 /* DVVCodingTests.m */; };
		D95B13541DE29C0600272710 /* DVVCoding.m in Sources */ = {isa = PBXBuildFile; fileRef = D95B13531DE29C0600272710 /* DVVCoding.m */; };
		D95B135A1DE2A03A00272710 /* Test.m in Sources */ = {isa = PBXBuildFile; fileRef = D95B13591DE2A03A00272710 /* Test.m */; };
/* End PBXBuildFile section */

/* Begin PBXContainerItemProxy section */
		D95B13431DE29BB200272710 /* PBXContainerItemProxy */ = {
			isa = PBXContainerItemProxy;
			containerPortal = D95B13211DE29BB100272710 /* Project object */;
			proxyType = 1;
			remoteGlobalIDString = D95B13281DE29BB100272710;
			remoteInfo = DVVCoding;
		};
/* End PBXContainerItemProxy section */

/* Begin PBXFileReference section */
		14D92C186CB2DE5BC45C234E /* Pods-DVVCoding.release.xcconfig */ = {isa = PBXFileReference; includeInIndex = 1; lastKnownFileType = text.xcconfig; name = "Pods-DVVCoding.release.xcconfig"; path = "Pods/Target Support Files/Pods-DVVCoding/Pods-DVVCoding.release.xcconfig"; sourceTree = "<group>"; };
		D0FE534FE7821FC987A032BC /* Pods-DVVCoding.debug.xcconfig */ = {isa = PBXFileReference; includeInIndex = 1; lastKnownFileType = text.xcconfig; name = "Pods-DVVCoding.debug.xcconfig"; path = "Pods/Target Support Files/Pods-DVVCoding/Pods-DVVCoding.debug.xcconfig"; sourceTree = "<group>"; };
		D95B13291DE29BB100272710 /* DVVCoding.app */ = {isa = PBXFileReference; explicitFileType = wrapper.application; includeInIndex = 0; path = DVVCoding.app; sourceTree = BUILT_PRODUCTS_DIR; };
		D95B132D1DE29BB100272710 /* main.m */ = {isa = PBXFileReference; lastKnownFileType = sourcecode.c.objc; path = main.m; sourceTree = "<group>"; };
		D95B132F1DE29BB100272710 /* AppDelegate.h */ = {isa = PBXFileReference; lastKnownFileType = sourcecode.c.h; path = AppDelegate.h; sourceTree = "<group>"; };
		D95B13301DE29BB100272710 /* AppDelegate.m */ = {isa = PBXFileReference; lastKnownFileType = sourcecode.c.objc; path = AppDelegate.m; sourceTree = "<group>"; };
		D95B13321DE29BB100272710 /* ViewController.h */ = {isa = PBXFileReference; lastKnownFileType = sourcecode.c.h; path = ViewController.h; sourceTree = "<group>"; };
		D95B13331DE29BB100272710 /* ViewController.m */ = {isa = PBXFileReference; lastKnownFileType = sourcecode.c.objc; path = ViewController.m; sourceTree = "<group>"; };
		D95B13361DE29BB100272710 /* Base */ = {isa = PBXFileReference; lastKnownFileType = file.storyboard; name = Base; path = Base.lproj/Main.storyboard; sourceTree = "<group>"; };
		D95B13381DE29BB100272710 /* Assets.xcassets */ = {isa = PBXFileReference; lastKnownFileType = folder.assetcatalog; path = Assets.xcassets; sourceTree = "<group>"; };
		D95B133B1DE29BB100272710 /* Base */ = {isa = PBXFileReference; lastKnownFileType = file.storyboard; name = Base; path = Base.lproj/LaunchScreen.storyboard; sourceTree = "<group>"; };
		D95B133D1DE29BB100272710 /* Info.plist */ = {isa = PBXFileReference; lastKnownFileType = text.plist.xml; path = Info.plist; sourceTree = "<group>"; };
		D95B13421DE29BB200272710 /* DVVCodingTests.xctest */ = {isa = PBXFileReference; explicitFileType = wrapper.cfbundle; includeInIndex = 0; path = DVVCodingTests.xctest; sourceTree = BUILT_PRODUCTS_DIR; };
		D95B13461DE29BB200272710 /* DVVCodingTests.m */ = {isa = PBXFileReference; lastKnownFileType = sourcecode.c.objc; path = DVVCodingTests.m; sourceTree = "<group>"; };
		D95B13481DE29BB200272710 /* Info.plist */ = {isa = PBXFileReference; lastKnownFileType = text.plist.xml; path = Info.plist; sourceTree = "<group>"; };
		D95B13521DE29C0600272710 /* DVVCoding.h */ = {isa = PBXFileReference; fileEncoding = 4; lastKnownFileType = sourcecode.c.h; path = DVVCoding.h; sourceTree = "<group>"; };
		D95B13531DE29C0600272710 /* DVVCoding.m */ = {isa = PBXFileReference; fileEncoding = 4; lastKnownFileType = sourcecode.c.objc; path = DVVCoding.m; sourceTree = "<group>"; };
		D95B13581DE2A03A00272710 /* Test.h */ = {isa = PBXFileReference; fileEncoding = 4; lastKnownFileType = sourcecode.c.h; path = Test.h; sourceTree = "<group>"; };
		D95B13591DE2A03A00272710 /* Test.m */ = {isa = PBXFileReference; fileEncoding = 4; lastKnownFileType = sourcecode.c.objc; path = Test.m; sourceTree = "<group>"; };
		F5FC46D4CC1FF20D5AE80691 /* libPods-DVVCoding.a */ = {isa = PBXFileReference; explicitFileType = archive.ar; includeInIndex = 0; path = "libPods-DVVCoding.a"; sourceTree = BUILT_PRODUCTS_DIR; };
/* End PBXFileReference section */

/* Begin PBXFrameworksBuildPhase section */
		D95B13261DE29BB100272710 /* Frameworks */ = {
			isa = PBXFrameworksBuildPhase;
			buildActionMask = 2147483647;
			files = (
				85F4F362523A5310442BE17C /* libPods-DVVCoding.a in Frameworks */,
			);
			runOnlyForDeploymentPostprocessing = 0;
		};
		D95B133F1DE29BB200272710 /* Frameworks */ = {
			isa = PBXFrameworksBuildPhase;
			buildActionMask = 2147483647;
			files = (
			);
			runOnlyForDeploymentPostprocessing = 0;
		};
/* End PBXFrameworksBuildPhase section */

/* Begin PBXGroup section */
		31B0F3BF7FC31E9327EF2F2E /* Pods */ = {
			isa = PBXGroup;
			children = (
				D0FE534FE7821FC987A032BC /* Pods-DVVCoding.debug.xcconfig */,
				14D92C186CB2DE5BC45C234E /* Pods-DVVCoding.release.xcconfig */,
			);
			name = Pods;
			sourceTree = "<group>";
		};
		CDB5B97AE4D836DDF2BC3E78 /* Frameworks */ = {
			isa = PBXGroup;
			children = (
				F5FC46D4CC1FF20D5AE80691 /* libPods-DVVCoding.a */,
			);
			name = Frameworks;
			sourceTree = "<group>";
		};
		D95B13201DE29BB100272710 = {
			isa = PBXGroup;
			children = (
				D95B132B1DE29BB100272710 /* DVVCoding */,
				D95B13451DE29BB200272710 /* DVVCodingTests */,
				D95B132A1DE29BB100272710 /* Products */,
				31B0F3BF7FC31E9327EF2F2E /* Pods */,
				CDB5B97AE4D836DDF2BC3E78 /* Frameworks */,
			);
			sourceTree = "<group>";
		};
		D95B132A1DE29BB100272710 /* Products */ = {
			isa = PBXGroup;
			children = (
				D95B13291DE29BB100272710 /* DVVCoding.app */,
				D95B13421DE29BB200272710 /* DVVCodingTests.xctest */,
			);
			name = Products;
			sourceTree = "<group>";
		};
		D95B132B1DE29BB100272710 /* DVVCoding */ = {
			isa = PBXGroup;
			children = (
				D95B13511DE29BF300272710 /* DVVCoding */,
				D95B132F1DE29BB100272710 /* AppDelegate.h */,
				D95B13301DE29BB100272710 /* AppDelegate.m */,
				D95B13581DE2A03A00272710 /* Test.h */,
				D95B13591DE2A03A00272710 /* Test.m */,
				D95B13321DE29BB100272710 /* ViewController.h */,
				D95B13331DE29BB100272710 /* ViewController.m */,
				D95B13351DE29BB100272710 /* Main.storyboard */,
				D95B13381DE29BB100272710 /* Assets.xcassets */,
				D95B133A1DE29BB100272710 /* LaunchScreen.storyboard */,
				D95B133D1DE29BB100272710 /* Info.plist */,
				D95B132C1DE29BB100272710 /* Supporting Files */,
			);
			path = DVVCoding;
			sourceTree = "<group>";
		};
		D95B132C1DE29BB100272710 /* Supporting Files */ = {
			isa = PBXGroup;
			children = (
				D95B132D1DE29BB100272710 /* main.m */,
			);
			name = "Supporting Files";
			sourceTree = "<group>";
		};
		D95B13451DE29BB200272710 /* DVVCodingTests */ = {
			isa = PBXGroup;
			children = (
				D95B13461DE29BB200272710 /* DVVCodingTests.m */,
				D95B13481DE29BB200272710 /* Info.plist */,
			);
			path = DVVCodingTests;
			sourceTree = "<group>";
		};
		D95B13511DE29BF300272710 /* DVVCoding */ = {
			isa = PBXGroup;
			children = (
				D95B13521DE29C0600272710 /* DVVCoding.h */,
				D95B13531DE29C0600272710 /* DVVCoding.m */,
			);
			path = DVVCoding;
			sourceTree = "<group>";
		};
/* End PBXGroup section */

/* Begin PBXNativeTarget section */
		D95B13281DE29BB100272710 /* DVVCoding */ = {
			isa = PBXNativeTarget;
			buildConfigurationList = D95B134B1DE29BB200272710 /* Build configuration list for PBXNativeTarget "DVVCoding" */;
			buildPhases = (
				467958205F349194B9CE2F80 /* [CP] Check Pods Manifest.lock */,
				D95B13251DE29BB100272710 /* Sources */,
				D95B13261DE29BB100272710 /* Frameworks */,
				D95B13271DE29BB100272710 /* Resources */,
			);
			buildRules = (
			);
			dependencies = (
			);
			name = DVVCoding;
			productName = DVVCoding;
			productReference = D95B13291DE29BB100272710 /* DVVCoding.app */;
			productType = "com.apple.product-type.application";
		};
		D95B13411DE29BB200272710 /* DVVCodingTests */ = {
			isa = PBXNativeTarget;
			buildConfigurationList = D95B134E1DE29BB200272710 /* Build configuration list for PBXNativeTarget "DVVCodingTests" */;
			buildPhases = (
				D95B133E1DE29BB200272710 /* Sources */,
				D95B133F1DE29BB200272710 /* Frameworks */,
				D95B13401DE29BB200272710 /* Resources */,
			);
			buildRules = (
			);
			dependencies = (
				D95B13441DE29BB200272710 /* PBXTargetDependency */,
			);
			name = DVVCodingTests;
			productName = DVVCodingTests;
			productReference = D95B13421DE29BB200272710 /* DVVCodingTests.xctest */;
			productType = "com.apple.product-type.bundle.unit-test";
		};
/* End PBXNativeTarget section */

/* Begin PBXProject section */
		D95B13211DE29BB100272710 /* Project object */ = {
			isa = PBXProject;
			attributes = {
				LastUpgradeCheck = 1020;
				ORGANIZATIONNAME = devdawei;
				TargetAttributes = {
					D95B13281DE29BB100272710 = {
						CreatedOnToolsVersion = 8.2;
						ProvisioningStyle = Automatic;
					};
					D95B13411DE29BB200272710 = {
						CreatedOnToolsVersion = 8.2;
						ProvisioningStyle = Automatic;
						TestTargetID = D95B13281DE29BB100272710;
					};
				};
			};
			buildConfigurationList = D95B13241DE29BB100272710 /* Build configuration list for PBXProject "DVVCoding" */;
			compatibilityVersion = "Xcode 3.2";
			developmentRegion = en;
			hasScannedForEncodings = 0;
			knownRegions = (
				en,
				Base,
			);
			mainGroup = D95B13201DE29BB100272710;
			productRefGroup = D95B132A1DE29BB100272710 /* Products */;
			projectDirPath = "";
			projectRoot = "";
			targets = (
				D95B13281DE29BB100272710 /* DVVCoding */,
				D95B13411DE29BB200272710 /* DVVCodingTests */,
			);
		};
/* End PBXProject section */

/* Begin PBXResourcesBuildPhase section */
		D95B13271DE29BB100272710 /* Resources */ = {
			isa = PBXResourcesBuildPhase;
			buildActionMask = 2147483647;
			files = (
				D95B133C1DE29BB100272710 /* LaunchScreen.storyboard in Resources */,
				D95B13391DE29BB100272710 /* Assets.xcassets in Resources */,
				D95B13371DE29BB100272710 /* Main.storyboard in Resources */,
			);
			runOnlyForDeploymentPostprocessing = 0;
		};
		D95B13401DE29BB200272710 /* Resources */ = {
			isa = PBXResourcesBuildPhase;
			buildActionMask = 2147483647;
			files = (
			);
			runOnlyForDeploymentPostprocessing = 0;
		};
/* End PBXResourcesBuildPhase section */

/* Begin PBXShellScriptBuildPhase section */
		467958205F349194B9CE2F80 /* [CP] Check Pods Manifest.lock */ = {
			isa = PBXShellScriptBuildPhase;
			buildActionMask = 2147483647;
			files = (
			);
			inputPaths = (
				"${PODS_PODFILE_DIR_PATH}/Podfile.lock",
				"${PODS_ROOT}/Manifest.lock",
			);
			name = "[CP] Check Pods Manifest.lock";
			outputPaths = (
				"$(DERIVED_FILE_DIR)/Pods-DVVCoding-checkManifestLockResult.txt",
			);
			runOnlyForDeploymentPostprocessing = 0;
			shellPath = /bin/sh;
			shellScript = "diff \"${PODS_PODFILE_DIR_PATH}/Podfile.lock\" \"${PODS_ROOT}/Manifest.lock\" > /dev/null\nif [ $? != 0 ] ; then\n    # print error to STDERR\n    echo \"error: The sandbox is not in sync with the Podfile.lock. Run 'pod install' or update your CocoaPods installation.\" >&2\n    exit 1\nfi\n# This output is used by Xcode 'outputs' to avoid re-running this script phase.\necho \"SUCCESS\" > \"${SCRIPT_OUTPUT_FILE_0}\"\n";
			showEnvVarsInLog = 0;
		};
/* End PBXShellScriptBuildPhase section */

/* Begin PBXSourcesBuildPhase section */
		D95B13251DE29BB100272710 /* Sources */ = {
			isa = PBXSourcesBuildPhase;
			buildActionMask = 2147483647;
			files = (
				D95B135A1DE2A03A00272710 /* Test.m in Sources */,
				D95B13341DE29BB100272710 /* ViewController.m in Sources */,
				D95B13311DE29BB100272710 /* AppDelegate.m in Sources */,
				D95B13541DE29C0600272710 /* DVVCoding.m in Sources */,
				D95B132E1DE29BB100272710 /* main.m in Sources */,
			);
			runOnlyForDeploymentPostprocessing = 0;
		};
		D95B133E1DE29BB200272710 /* Sources */ = {
			isa = PBXSourcesBuildPhase;
			buildActionMask = 2147483647;
			files = (
				D95B13471DE29BB200272710 /* DVVCodingTests.m in Sources */,
			);
			runOnlyForDeploymentPostprocessing = 0;
		};
/* End PBXSourcesBuildPhase section */

/* Begin PBXTargetDependency section */
		D95B13441DE29BB200272710 /* PBXTargetDependency */ = {
			isa = PBXTargetDependency;
			target = D95B13281DE29BB100272710 /* DVVCoding */;
			targetProxy = D95B13431DE29BB200272710 /* PBXContainerItemProxy */;
		};
/* End PBXTargetDependency section */

/* Begin PBXVariantGroup section */
		D95B13351DE29BB100272710 /* Main.storyboard */ = {
			isa = PBXVariantGroup;
			children = (
				D95B13361DE29BB100272710 /* Base */,
			);
			name = Main.storyboard;
			sourceTree = "<group>";
		};
		D95B133A1DE29BB100272710 /* LaunchScreen.storyboard */ = {
			isa = PBXVariantGroup;
			children = (
				D95B133B1DE29BB100272710 /* Base */,
			);
			name = LaunchScreen.storyboard;
			sourceTree = "<group>";
		};
/* End PBXVariantGroup section */

/* Begin XCBuildConfiguration section */
		D95B13491DE29BB200272710 /* Debug */ = {
			isa = XCBuildConfiguration;
			buildSettings = {
				ALWAYS_SEARCH_USER_PATHS = NO;
				CLANG_ANALYZER_LOCALIZABILITY_NONLOCALIZED = YES;
				CLANG_ANALYZER_NONNULL = YES;
				CLANG_CXX_LANGUAGE_STANDARD = "gnu++0x";
				CLANG_CXX_LIBRARY = "libc++";
				CLANG_ENABLE_MODULES = YES;
				CLANG_ENABLE_OBJC_ARC = YES;
				CLANG_WARN_BLOCK_CAPTURE_AUTORELEASING = YES;
				CLANG_WARN_BOOL_CONVERSION = YES;
				CLANG_WARN_COMMA = YES;
				CLANG_WARN_CONSTANT_CONVERSION = YES;
				CLANG_WARN_DEPRECATED_OBJC_IMPLEMENTATIONS = YES;
				CLANG_WARN_DIRECT_OBJC_ISA_USAGE = YES_ERROR;
				CLANG_WARN_DOCUMENTATION_COMMENTS = YES;
				CLANG_WARN_EMPTY_BODY = YES;
				CLANG_WARN_ENUM_CONVERSION = YES;
				CLANG_WARN_INFINITE_RECURSION = YES;
				CLANG_WARN_INT_CONVERSION = YES;
				CLANG_WARN_NON_LITERAL_NULL_CONVERSION = YES;
				CLANG_WARN_OBJC_IMPLICIT_RETAIN_SELF = YES;
				CLANG_WARN_OBJC_LITERAL_CONVERSION = YES;
				CLANG_WARN_OBJC_ROOT_CLASS = YES_ERROR;
				CLANG_WARN_RANGE_LOOP_ANALYSIS = YES;
				CLANG_WARN_STRICT_PROTOTYPES = YES;
				CLANG_WARN_SUSPICIOUS_MOVE = YES;
				CLANG_WARN_UNREACHABLE_CODE = YES;
				CLANG_WARN__DUPLICATE_METHOD_MATCH = YES;
				"CODE_SIGN_IDENTITY[sdk=iphoneos*]" = "iPhone Developer";
				COPY_PHASE_STRIP = NO;
				DEBUG_INFORMATION_FORMAT = dwarf;
				ENABLE_STRICT_OBJC_MSGSEND = YES;
				ENABLE_TESTABILITY = YES;
				GCC_C_LANGUAGE_STANDARD = gnu99;
				GCC_DYNAMIC_NO_PIC = NO;
				GCC_NO_COMMON_BLOCKS = YES;
				GCC_OPTIMIZATION_LEVEL = 0;
				GCC_PREPROCESSOR_DEFINITIONS = (
					"DEBUG=1",
					"$(inherited)",
				);
				GCC_WARN_64_TO_32_BIT_CONVERSION = YES;
				GCC_WARN_ABOUT_RETURN_TYPE = YES_ERROR;
				GCC_WARN_UNDECLARED_SELECTOR = YES;
				GCC_WARN_UNINITIALIZED_AUTOS = YES_AGGRESSIVE;
				GCC_WARN_UNUSED_FUNCTION = YES;
				GCC_WARN_UNUSED_VARIABLE = YES;
				IPHONEOS_DEPLOYMENT_TARGET = 10.2;
				MTL_ENABLE_DEBUG_INFO = YES;
				ONLY_ACTIVE_ARCH = YES;
				SDKROOT = iphoneos;
				TARGETED_DEVICE_FAMILY = "1,2";
			};
			name = Debug;
		};
		D95B134A1DE29BB200272710 /* Release */ = {
			isa = XCBuildConfiguration;
			buildSettings = {
				ALWAYS_SEARCH_USER_PATHS = NO;
				CLANG_ANALYZER_LOCALIZABILITY_NONLOCALIZED = YES;
				CLANG_ANALYZER_NONNULL = YES;
				CLANG_CXX_LANGUAGE_STANDARD = "gnu++0x";
				CLANG_CXX_LIBRARY = "libc++";
				CLANG_ENABLE_MODULES = YES;
				CLANG_ENABLE_OBJC_ARC = YES;
				CLANG_WARN_BLOCK_CAPTURE_AUTORELEASING = YES;
				CLANG_WARN_BOOL_CONVERSION = YES;
				CLANG_WARN_COMMA = YES;
				CLANG_WARN_CONSTANT_CONVERSION = YES;
				CLANG_WARN_DEPRECATED_OBJC_IMPLEMENTATIONS = YES;
				CLANG_WARN_DIRECT_OBJC_ISA_USAGE = YES_ERROR;
				CLANG_WARN_DOCUMENTATION_COMMENTS = YES;
				CLANG_WARN_EMPTY_BODY = YES;
				CLANG_WARN_ENUM_CONVERSION = YES;
				CLANG_WARN_INFINITE_RECURSION = YES;
				CLANG_WARN_INT_CONVERSION = YES;
				CLANG_WARN_NON_LITERAL_NULL_CONVERSION = YES;
				CLANG_WARN_OBJC_IMPLICIT_RETAIN_SELF = YES;
				CLANG_WARN_OBJC_LITERAL_CONVERSION = YES;
				CLANG_WARN_OBJC_ROOT_CLASS = YES_ERROR;
				CLANG_WARN_RANGE_LOOP_ANALYSIS = YES;
				CLANG_WARN_STRICT_PROTOTYPES = YES;
				CLANG_WARN_SUSPICIOUS_MOVE = YES;
				CLANG_WARN_UNREACHABLE_CODE = YES;
				CLANG_WARN__DUPLICATE_METHOD_MATCH = YES;
				"CODE_SIGN_IDENTITY[sdk=iphoneos*]" = "iPhone Developer";
				COPY_PHASE_STRIP = NO;
				DEBUG_INFORMATION_FORMAT = "dwarf-with-dsym";
				ENABLE_NS_ASSERTIONS = NO;
				ENABLE_STRICT_OBJC_MSGSEND = YES;
				GCC_C_LANGUAGE_STANDARD = gnu99;
				GCC_NO_COMMON_BLOCKS = YES;
				GCC_WARN_64_TO_32_BIT_CONVERSION = YES;
				GCC_WARN_ABOUT_RETURN_TYPE = YES_ERROR;
				GCC_WARN_UNDECLARED_SELECTOR = YES;
				GCC_WARN_UNINITIALIZED_AUTOS = YES_AGGRESSIVE;
				GCC_WARN_UNUSED_FUNCTION = YES;
				GCC_WARN_UNUSED_VARIABLE = YES;
				IPHONEOS_DEPLOYMENT_TARGET = 10.2;
				MTL_ENABLE_DEBUG_INFO = NO;
				SDKROOT = iphoneos;
				TARGETED_DEVICE_FAMILY = "1,2";
				VALIDATE_PRODUCT = YES;
			};
			name = Release;
		};
		D95B134C1DE29BB200272710 /* Debug */ = {
			isa = XCBuildConfiguration;
			baseConfigurationReference = D0FE534FE7821FC987A032BC /* Pods-DVVCoding.debug.xcconfig */;
			buildSettings = {
				ASSETCATALOG_COMPILER_APPICON_NAME = AppIcon;
				INFOPLIST_FILE = DVVCoding/Info.plist;
				IPHONEOS_DEPLOYMENT_TARGET = 8.0;
				LD_RUNPATH_SEARCH_PATHS = "$(inherited) @executable_path/Frameworks";
				PRODUCT_BUNDLE_IDENTIFIER = com.devdawei.DVVCoding;
				PRODUCT_NAME = "$(TARGET_NAME)";
			};
			name = Debug;
		};
		D95B134D1DE29BB200272710 /* Release */ = {
			isa = XCBuildConfiguration;
			baseConfigurationReference = 14D92C186CB2DE5BC45C234E /* Pods-DVVCoding.release.xcconfig */;
			buildSettings = {
				ASSETCATALOG_COMPILER_APPICON_NAME = AppIcon;
				INFOPLIST_FILE = DVVCoding/Info.plist;
				IPHONEOS_DEPLOYMENT_TARGET = 8.0;
				LD_RUNPATH_SEARCH_PATHS = "$(inherited) @executable_path/Frameworks";
				PRODUCT_BUNDLE_IDENTIFIER = com.devdawei.DVVCoding;
				PRODUCT_NAME = "$(TARGET_NAME)";
			};
			name = Release;
		};
		D95B134F1DE29BB200272710 /* Debug */ = {
			isa = XCBuildConfiguration;
			buildSettings = {
				BUNDLE_LOADER = "$(TEST_HOST)";
				INFOPLIST_FILE = DVVCodingTests/Info.plist;
				LD_RUNPATH_SEARCH_PATHS = "$(inherited) @executable_path/Frameworks @loader_path/Frameworks";
				PRODUCT_BUNDLE_IDENTIFIER = com.devdawei.DVVCodingTests;
				PRODUCT_NAME = "$(TARGET_NAME)";
				TEST_HOST = "$(BUILT_PRODUCTS_DIR)/DVVCoding.app/DVVCoding";
			};
			name = Debug;
		};
		D95B13501DE29BB200272710 /* Release */ = {
			isa = XCBuildConfiguration;
			buildSettings = {
				BUNDLE_LOADER = "$(TEST_HOST)";
				INFOPLIST_FILE = DVVCodingTests/Info.plist;
				LD_RUNPATH_SEARCH_PATHS = "$(inherited) @executable_path/Frameworks @loader_path/Frameworks";
				PRODUCT_BUNDLE_IDENTIFIER = com.devdawei.DVVCodingTests;
				PRODUCT_NAME = "$(TARGET_NAME)";
				TEST_HOST = "$(BUILT_PRODUCTS_DIR)/DVVCoding.app/DVVCoding";
			};
			name = Release;
		};
/* End XCBuildConfiguration section */

/* Begin XCConfigurationList section */
		D95B13241DE29BB100272710 /* Build configuration list for PBXProject "DVVCoding" */ = {
			isa = XCConfigurationList;
			buildConfigurations = (
				D95B13491DE29BB200272710 /* Debug */,
				D95B134A1DE29BB200272710 /* Release */,
			);
			defaultConfigurationIsVisible = 0;
			defaultConfigurationName = Release;
		};
		D95B134B1DE29BB200272710 /* Build configuration list for PBXNativeTarget "DVVCoding" */ = {
			isa = XCConfigurationList;
			buildConfigurations = (
				D95B134C1DE29BB200272710 /* Debug */,
				D95B134D1DE29BB200272710 /* Release */,
			);
			defaultConfigurationIsVisible = 0;
			defaultConfigurationName = Release;
		};
		D95B134E1DE29BB200272710 /* Build configuration list for PBXNativeTarget "DVVCodingTests" */ = {
			isa = XCConfigurationList;
			buildConfigurations = (
				D95B134F1DE29BB200272710 /* Debug */,
				D95B13501DE29BB200272710 /* Release */,
			);
			defaultConfigurationIsVisible = 0;
			defaultConfigurationName = Release;
		};
/* End XCConfigurationList section */
	};
	rootObject = D95B13211DE29BB100272710 /* Project object */;
}
